
Microsoft Visual Studio Solution File, Format Version 12.00
Project("{FAE04EC0-301F-11D3-BF4B-00C04F79EFBC}") = "SecretEntrance", "SecretEntrance\SecretEntrance.csproj", "{0A62DAF1-7D51-4239-A418-6EE9F7AFB720}"
EndProject
Project("{FAE04EC0-301F-11D3-BF4B-00C04F79EFBC}") = "Core", "Core\Core.csproj", "{F6AB00EA-F8DB-4A3F-95D9-B22A7F47C0CF}"
EndProject
Project("{FAE04EC0-301F-11D3-BF4B-00C04F79EFBC}") = "Runner", "Runner\Runner.csproj", "{17063DB6-7D4B-4808-9515-D0A47E86DF05}"
EndProject
Project("{FAE04EC0-301F-11D3-BF4B-00C04F79EFBC}") = "GiftShop", "GiftShop\GiftShop.csproj", "{3F241919-96F3-4EC0-AD32-C138D2069555}"
EndProject
Project("{FAE04EC0-301F-11D3-BF4B-00C04F79EFBC}") = "Lobby", "Lobby\Lobby.csproj", "{AB2846EF-7CAB-47A5-9453-830FAB031024}"
EndProject
Project("{FAE04EC0-301F-11D3-BF4B-00C04F79EFBC}") = "PrintingDepartment", "PrintingDepartment\PrintingDepartment.csproj", "{335129EB-C2F1-4C78-B78C-F9AC4B016D6E}"
EndProject
Project("{FAE04EC0-301F-11D3-BF4B-00C04F79EFBC}") = "Cafeteria", "Cafeteria\Cafeteria.csproj", "{2B4B1B36-38E3-4E6E-9BBC-5540D1D1DFF6}"
EndProject
Global
	GlobalSection(SolutionConfigurationPlatforms) = preSolution
		Debug|Any CPU = Debug|Any CPU
		Release|Any CPU = Release|Any CPU
	EndGlobalSection
	GlobalSection(ProjectConfigurationPlatforms) = postSolution
		{0A62DAF1-7D51-4239-A418-6EE9F7AFB720}.Debug|Any CPU.ActiveCfg = Debug|Any CPU
		{0A62DAF1-7D51-4239-A418-6EE9F7AFB720}.Debug|Any CPU.Build.0 = Debug|Any CPU
		{0A62DAF1-7D51-4239-A418-6EE9F7AFB720}.Release|Any CPU.ActiveCfg = Release|Any CPU
		{0A62DAF1-7D51-4239-A418-6EE9F7AFB720}.Release|Any CPU.Build.0 = Release|Any CPU
		{F6AB00EA-F8DB-4A3F-95D9-B22A7F47C0CF}.Debug|Any CPU.ActiveCfg = Debug|Any CPU
		{F6AB00EA-F8DB-4A3F-95D9-B22A7F47C0CF}.Debug|Any CPU.Build.0 = Debug|Any CPU
		{F6AB00EA-F8DB-4A3F-95D9-B22A7F47C0CF}.Release|Any CPU.ActiveCfg = Release|Any CPU
		{F6AB00EA-F8DB-4A3F-95D9-B22A7F47C0CF}.Release|Any CPU.Build.0 = Release|Any CPU
		{17063DB6-7D4B-4808-9515-D0A47E86DF05}.Debug|Any CPU.ActiveCfg = Debug|Any CPU
		{17063DB6-7D4B-4808-9515-D0A47E86DF05}.Debug|Any CPU.Build.0 = Debug|Any CPU
		{17063DB6-7D4B-4808-9515-D0A47E86DF05}.Release|Any CPU.ActiveCfg = Release|Any CPU
		{17063DB6-7D4B-4808-9515-D0A47E86DF05}.Release|Any CPU.Build.0 = Release|Any CPU
		{3F241919-96F3-4EC0-AD32-C138D2069555}.Debug|Any CPU.ActiveCfg = Debug|Any CPU
		{3F241919-96F3-4EC0-AD32-C138D2069555}.Debug|Any CPU.Build.0 = Debug|Any CPU
		{3F241919-96F3-4EC0-AD32-C138D2069555}.Release|Any CPU.ActiveCfg = Release|Any CPU
		{3F241919-96F3-4EC0-AD32-C138D2069555}.Release|Any CPU.Build.0 = Release|Any CPU
		{AB2846EF-7CAB-47A5-9453-830FAB031024}.Debug|Any CPU.ActiveCfg = Debug|Any CPU
		{AB2846EF-7CAB-47A5-9453-830FAB031024}.Debug|Any CPU.Build.0 = Debug|Any CPU
		{AB2846EF-7CAB-47A5-9453-830FAB031024}.Release|Any CPU.ActiveCfg = Release|Any CPU
		{AB2846EF-7CAB-47A5-9453-830FAB031024}.Release|Any CPU.Build.0 = Release|Any CPU
		{335129EB-C2F1-4C78-B78C-F9AC4B016D6E}.Debug|Any CPU.ActiveCfg = Debug|Any CPU
		{335129EB-C2F1-4C78-B78C-F9AC4B016D6E}.Debug|Any CPU.Build.0 = Debug|Any CPU
		{335129EB-C2F1-4C78-B78C-F9AC4B016D6E}.Release|Any CPU.ActiveCfg = Release|Any CPU
		{335129EB-C2F1-4C78-B78C-F9AC4B016D6E}.Release|Any CPU.Build.0 = Release|Any CPU
		{2B4B1B36-38E3-4E6E-9BBC-5540D1D1DFF6}.Debug|Any CPU.ActiveCfg = Debug|Any CPU
		{2B4B1B36-38E3-4E6E-9BBC-5540D1D1DFF6}.Debug|Any CPU.Build.0 = Debug|Any CPU
		{2B4B1B36-38E3-4E6E-9BBC-5540D1D1DFF6}.Release|Any CPU.ActiveCfg = Release|Any CPU
		{2B4B1B36-38E3-4E6E-9BBC-5540D1D1DFF6}.Release|Any CPU.Build.0 = Release|Any CPU
		{3A8A73A3-9C75-4010-BF01-82DDCD15DD6C}.Debug|Any CPU.ActiveCfg = Debug|Any CPU
		{3A8A73A3-9C75-4010-BF01-82DDCD15DD6C}.Debug|Any CPU.Build.0 = Debug|Any CPU
		{3A8A73A3-9C75-4010-BF01-82DDCD15DD6C}.Release|Any CPU.ActiveCfg = Release|Any CPU
		{3A8A73A3-9C75-4010-BF01-82DDCD15DD6C}.Release|Any CPU.Build.0 = Release|Any CPU
	EndGlobalSection
EndGlobal
